// !$*UTF8*$!
{
	archiveVersion = 1;
	classes = {
	};
	objectVersion = 56;
	objects = {

/* Begin PBXBuildFile section */
		CAE00CB22A9362C10034A23C /* AppDelegate.swift in Sources */ = {isa = PBXBuildFile; fileRef = CAE00CB12A9362C10034A23C /* AppDelegate.swift */; };
		CAE00CB42A9362C10034A23C /* SceneDelegate.swift in Sources */ = {isa = PBXBuildFile; fileRef = CAE00CB32A9362C10034A23C /* SceneDelegate.swift */; };
		CAE00CB62A9362C10034A23C /* ViewController.swift in Sources */ = {isa = PBXBuildFile; fileRef = CAE00CB52A9362C10034A23C /* ViewController.swift */; };
		CAE00CB92A9362C10034A23C /* Main.storyboard in Resources */ = {isa = PBXBuildFile; fileRef = CAE00CB72A9362C10034A23C /* Main.storyboard */; };
		CAE00CBB2A9362C20034A23C /* Assets.xcassets in Resources */ = {isa = PBXBuildFile; fileRef = CAE00CBA2A9362C20034A23C /* Assets.xcassets */; };
		CAE00CBE2A9362C20034A23C /* LaunchScreen.storyboard in Resources */ = {isa = PBXBuildFile; fileRef = CAE00CBC2A9362C20034A23C /* LaunchScreen.storyboard */; };
		CAE00CC62A9368460034A23C /* MapViewController.swift in Sources */ = {isa = PBXBuildFile; fileRef = CAE00CC52A9368460034A23C /* MapViewController.swift */; };
		CAE00CC82A9368500034A23C /* ScannerViewController.swift in Sources */ = {isa = PBXBuildFile; fileRef = CAE00CC72A9368500034A23C /* ScannerViewController.swift */; };
		CAE00CCB2A938DC60034A23C /* BarcodeScanner in Frameworks */ = {isa = PBXBuildFile; productRef = CAE00CCA2A938DC60034A23C /* BarcodeScanner */; };
/* End PBXBuildFile section */

/* Begin PBXFileReference section */
		CAE00CAE2A9362C10034A23C /* MapAndScan.app */ = {isa = PBXFileReference; explicitFileType = wrapper.application; includeInIndex = 0; path = MapAndScan.app; sourceTree = BUILT_PRODUCTS_DIR; };
		CAE00CB12A9362C10034A23C /* AppDelegate.swift */ = {isa = PBXFileReference; lastKnownFileType = sourcecode.swift; path = AppDelegate.swift; sourceTree = "<group>"; };
		CAE00CB32A9362C10034A23C /* SceneDelegate.swift */ = {isa = PBXFileReference; lastKnownFileType = sourcecode.swift; path = SceneDelegate.swift; sourceTree = "<group>"; };
		CAE00CB52A9362C10034A23C /* ViewController.swift */ = {isa = PBXFileReference; lastKnownFileType = sourcecode.swift; path = ViewController.swift; sourceTree = "<group>"; };
		CAE00CB82A9362C10034A23C /* Base */ = {isa = PBXFileReference; lastKnownFileType = file.storyboard; name = Base; path = Base.lproj/Main.storyboard; sourceTree = "<group>"; };
		CAE00CBA2A9362C20034A23C /* Assets.xcassets */ = {isa = PBXFileReference; lastKnownFileType = folder.assetcatalog; path = Assets.xcassets; sourceTree = "<group>"; };
		CAE00CBD2A9362C20034A23C /* Base */ = {isa = PBXFileReference; lastKnownFileType = file.storyboard; name = Base; path = Base.lproj/LaunchScreen.storyboard; sourceTree = "<group>"; };
		CAE00CBF2A9362C20034A23C /* Info.plist */ = {isa = PBXFileReference; lastKnownFileType = text.plist.xml; path = Info.plist; sourceTree = "<group>"; };
		CAE00CC52A9368460034A23C /* MapViewController.swift */ = {isa = PBXFileReference; lastKnownFileType = sourcecode.swift; path = MapViewController.swift; sourceTree = "<group>"; };
		CAE00CC72A9368500034A23C /* ScannerViewController.swift */ = {isa = PBXFileReference; lastKnownFileType = sourcecode.swift; path = ScannerViewController.swift; sourceTree = "<group>"; };
/* End PBXFileReference section */

/* Begin PBXFrameworksBuildPhase section */
		CAE00CAB2A9362C10034A23C /* Frameworks */ = {
			isa = PBXFrameworksBuildPhase;
			buildActionMask = 2147483647;
			files = (
				CAE00CCB2A938DC60034A23C /* BarcodeScanner in Frameworks */,
			);
			runOnlyForDeploymentPostprocessing = 0;
		};
/* End PBXFrameworksBuildPhase section */

/* Begin PBXGroup section */
		CAE00CA52A9362C10034A23C = {
			isa = PBXGroup;
			children = (
				CAE00CB02A9362C10034A23C /* MapAndScan */,
				CAE00CAF2A9362C10034A23C /* Products */,
			);
			sourceTree = "<group>";
		};
		CAE00CAF2A9362C10034A23C /* Products */ = {
			isa = PBXGroup;
			children = (
				CAE00CAE2A9362C10034A23C /* MapAndScan.app */,
			);
			name = Products;
			sourceTree = "<group>";
		};
		CAE00CB02A9362C10034A23C /* MapAndScan */ = {
			isa = PBXGroup;
			children = (
				CAE00CB12A9362C10034A23C /* AppDelegate.swift */,
				CAE00CB32A9362C10034A23C /* SceneDelegate.swift */,
				CAE00CB52A9362C10034A23C /* ViewController.swift */,
				CAE00CCD2A93907E0034A23C /* Views */,
				CAE00CCC2A93906B0034A23C /* Controllers */,
				CAE00CBA2A9362C20034A23C /* Assets.xcassets */,
				CAE00CBF2A9362C20034A23C /* Info.plist */,
			);
			path = MapAndScan;
			sourceTree = "<group>";
		};
		CAE00CCC2A93906B0034A23C /* Controllers */ = {
			isa = PBXGroup;
			children = (
				CAE00CC52A9368460034A23C /* MapViewController.swift */,
				CAE00CC72A9368500034A23C /* ScannerViewController.swift */,
			);
			path = Controllers;
			sourceTree = "<group>";
		};
		CAE00CCD2A93907E0034A23C /* Views */ = {
			isa = PBXGroup;
			children = (
				CAE00CB72A9362C10034A23C /* Main.storyboard */,
				CAE00CBC2A9362C20034A23C /* LaunchScreen.storyboard */,
			);
			path = Views;
			sourceTree = "<group>";
		};
/* End PBXGroup section */

/* Begin PBXNativeTarget section */
		CAE00CAD2A9362C10034A23C /* MapAndScan */ = {
			isa = PBXNativeTarget;
			buildConfigurationList = CAE00CC22A9362C20034A23C /* Build configuration list for PBXNativeTarget "MapAndScan" */;
			buildPhases = (
				CAE00CAA2A9362C10034A23C /* Sources */,
				CAE00CAB2A9362C10034A23C /* Frameworks */,
				CAE00CAC2A9362C10034A23C /* Resources */,
			);
			buildRules = (
			);
			dependencies = (
			);
			name = MapAndScan;
			packageProductDependencies = (
				CAE00CCA2A938DC60034A23C /* BarcodeScanner */,
			);
			productName = MapAndScan;
			productReference = CAE00CAE2A9362C10034A23C /* MapAndScan.app */;
			productType = "com.apple.product-type.application";
		};
/* End PBXNativeTarget section */

/* Begin PBXProject section */
		CAE00CA62A9362C10034A23C /* Project object */ = {
			isa = PBXProject;
			attributes = {
				BuildIndependentTargetsInParallel = 1;
				LastSwiftUpdateCheck = 1430;
				LastUpgradeCheck = 1430;
				TargetAttributes = {
					CAE00CAD2A9362C10034A23C = {
						CreatedOnToolsVersion = 14.3.1;
					};
				};
			};
			buildConfigurationList = CAE00CA92A9362C10034A23C /* Build configuration list for PBXProject "MapAndScan" */;
			compatibilityVersion = "Xcode 14.0";
			developmentRegion = en;
			hasScannedForEncodings = 0;
			knownRegions = (
				en,
				Base,
			);
			mainGroup = CAE00CA52A9362C10034A23C;
			packageReferences = (
				CAE00CC92A938DC60034A23C /* XCRemoteSwiftPackageReference "BarcodeScanner" */,
			);
			productRefGroup = CAE00CAF2A9362C10034A23C /* Products */;
			projectDirPath = "";
			projectRoot = "";
			targets = (
				CAE00CAD2A9362C10034A23C /* MapAndScan */,
			);
		};
/* End PBXProject section */

/* Begin PBXResourcesBuildPhase section */
		CAE00CAC2A9362C10034A23C /* Resources */ = {
			isa = PBXResourcesBuildPhase;
			buildActionMask = 2147483647;
			files = (
				CAE00CBE2A9362C20034A23C /* LaunchScreen.storyboard in Resources */,
				CAE00CBB2A9362C20034A23C /* Assets.xcassets in Resources */,
				CAE00CB92A9362C10034A23C /* Main.storyboard in Resources */,
			);
			runOnlyForDeploymentPostprocessing = 0;
		};
/* End PBXResourcesBuildPhase section */

/* Begin PBXSourcesBuildPhase section */
		CAE00CAA2A9362C10034A23C /* Sources */ = {
			isa = PBXSourcesBuildPhase;
			buildActionMask = 2147483647;
			files = (
				CAE00CB62A9362C10034A23C /* ViewController.swift in Sources */,
				CAE00CB22A9362C10034A23C /* AppDelegate.swift in Sources */,
				CAE00CB42A9362C10034A23C /* SceneDelegate.swift in Sources */,
				CAE00CC82A9368500034A23C /* ScannerViewController.swift in Sources */,
				CAE00CC62A9368460034A23C /* MapViewController.swift in Sources */,
			);
			runOnlyForDeploymentPostprocessing = 0;
		};
/* End PBXSourcesBuildPhase section */

/* Begin PBXVariantGroup section */
		CAE00CB72A9362C10034A23C /* Main.storyboard */ = {
			isa = PBXVariantGroup;
			children = (
				CAE00CB82A9362C10034A23C /* Base */,
			);
			name = Main.storyboard;
			sourceTree = "<group>";
		};
		CAE00CBC2A9362C20034A23C /* LaunchScreen.storyboard */ = {
			isa = PBXVariantGroup;
			children = (
				CAE00CBD2A9362C20034A23C /* Base */,
			);
			name = LaunchScreen.storyboard;
			sourceTree = "<group>";
		};
/* End PBXVariantGroup section */

/* Begin XCBuildConfiguration section */
		CAE00CC02A9362C20034A23C /* Debug */ = {
			isa = XCBuildConfiguration;
			buildSettings = {
				ALWAYS_SEARCH_USER_PATHS = NO;
				CLANG_ANALYZER_NONNULL = YES;
				CLANG_ANALYZER_NUMBER_OBJECT_CONVERSION = YES_AGGRESSIVE;
				CLANG_CXX_LANGUAGE_STANDARD = "gnu++20";
				CLANG_ENABLE_MODULES = YES;
				CLANG_ENABLE_OBJC_ARC = YES;
				CLANG_ENABLE_OBJC_WEAK = YES;
				CLANG_WARN_BLOCK_CAPTURE_AUTORELEASING = YES;
				CLANG_WARN_BOOL_CONVERSION = YES;
				CLANG_WARN_COMMA = YES;
				CLANG_WARN_CONSTANT_CONVERSION = YES;
				CLANG_WARN_DEPRECATED_OBJC_IMPLEMENTATIONS = YES;
				CLANG_WARN_DIRECT_OBJC_ISA_USAGE = YES_ERROR;
				CLANG_WARN_DOCUMENTATION_COMMENTS = YES;
				CLANG_WARN_EMPTY_BODY = YES;
				CLANG_WARN_ENUM_CONVERSION = YES;
				CLANG_WARN_INFINITE_RECURSION = YES;
				CLANG_WARN_INT_CONVERSION = YES;
				CLANG_WARN_NON_LITERAL_NULL_CONVERSION = YES;
				CLANG_WARN_OBJC_IMPLICIT_RETAIN_SELF = YES;
				CLANG_WARN_OBJC_LITERAL_CONVERSION = YES;
				CLANG_WARN_OBJC_ROOT_CLASS = YES_ERROR;
				CLANG_WARN_QUOTED_INCLUDE_IN_FRAMEWORK_HEADER = YES;
				CLANG_WARN_RANGE_LOOP_ANALYSIS = YES;
				CLANG_WARN_STRICT_PROTOTYPES = YES;
				CLANG_WARN_SUSPICIOUS_MOVE = YES;
				CLANG_WARN_UNGUARDED_AVAILABILITY = YES_AGGRESSIVE;
				CLANG_WARN_UNREACHABLE_CODE = YES;
				CLANG_WARN__DUPLICATE_METHOD_MATCH = YES;
				COPY_PHASE_STRIP = NO;
				DEBUG_INFORMATION_FORMAT = dwarf;
				ENABLE_STRICT_OBJC_MSGSEND = YES;
				ENABLE_TESTABILITY = YES;
				GCC_C_LANGUAGE_STANDARD = gnu11;
				GCC_DYNAMIC_NO_PIC = NO;
				GCC_NO_COMMON_BLOCKS = YES;
				GCC_OPTIMIZATION_LEVEL = 0;
				GCC_PREPROCESSOR_DEFINITIONS = (
					"DEBUG=1",
					"$(inherited)",
				);
				GCC_WARN_64_TO_32_BIT_CONVERSION = YES;
				GCC_WARN_ABOUT_RETURN_TYPE = YES_ERROR;
				GCC_WARN_UNDECLARED_SELECTOR = YES;
				GCC_WARN_UNINITIALIZED_AUTOS = YES_AGGRESSIVE;
				GCC_WARN_UNUSED_FUNCTION = YES;
				GCC_WARN_UNUSED_VARIABLE = YES;
				IPHONEOS_DEPLOYMENT_TARGET = 16.4;
				MTL_ENABLE_DEBUG_INFO = INCLUDE_SOURCE;
				MTL_FAST_MATH = YES;
				ONLY_ACTIVE_ARCH = YES;
				SDKROOT = iphoneos;
				SWIFT_ACTIVE_COMPILATION_CONDITIONS = DEBUG;
				SWIFT_OPTIMIZATION_LEVEL = "-Onone";
			};
			name = Debug;
		};
		CAE00CC12A9362C20034A23C /* Release */ = {
			isa = XCBuildConfiguration;
			buildSettings = {
				ALWAYS_SEARCH_USER_PATHS = NO;
				CLANG_ANALYZER_NONNULL = YES;
				CLANG_ANALYZER_NUMBER_OBJECT_CONVERSION = YES_AGGRESSIVE;
				CLANG_CXX_LANGUAGE_STANDARD = "gnu++20";
				CLANG_ENABLE_MODULES = YES;
				CLANG_ENABLE_OBJC_ARC = YES;
				CLANG_ENABLE_OBJC_WEAK = YES;
				CLANG_WARN_BLOCK_CAPTURE_AUTORELEASING = YES;
				CLANG_WARN_BOOL_CONVERSION = YES;
				CLANG_WARN_COMMA = YES;
				CLANG_WARN_CONSTANT_CONVERSION = YES;
				CLANG_WARN_DEPRECATED_OBJC_IMPLEMENTATIONS = YES;
				CLANG_WARN_DIRECT_OBJC_ISA_USAGE = YES_ERROR;
				CLANG_WARN_DOCUMENTATION_COMMENTS = YES;
				CLANG_WARN_EMPTY_BODY = YES;
				CLANG_WARN_ENUM_CONVERSION = YES;
				CLANG_WARN_INFINITE_RECURSION = YES;
				CLANG_WARN_INT_CONVERSION = YES;
				CLANG_WARN_NON_LITERAL_NULL_CONVERSION = YES;
				CLANG_WARN_OBJC_IMPLICIT_RETAIN_SELF = YES;
				CLANG_WARN_OBJC_LITERAL_CONVERSION = YES;
				CLANG_WARN_OBJC_ROOT_CLASS = YES_ERROR;
				CLANG_WARN_QUOTED_INCLUDE_IN_FRAMEWORK_HEADER = YES;
				CLANG_WARN_RANGE_LOOP_ANALYSIS = YES;
				CLANG_WARN_STRICT_PROTOTYPES = YES;
				CLANG_WARN_SUSPICIOUS_MOVE = YES;
				CLANG_WARN_UNGUARDED_AVAILABILITY = YES_AGGRESSIVE;
				CLANG_WARN_UNREACHABLE_CODE = YES;
				CLANG_WARN__DUPLICATE_METHOD_MATCH = YES;
				COPY_PHASE_STRIP = NO;
				DEBUG_INFORMATION_FORMAT = "dwarf-with-dsym";
				ENABLE_NS_ASSERTIONS = NO;
				ENABLE_STRICT_OBJC_MSGSEND = YES;
				GCC_C_LANGUAGE_STANDARD = gnu11;
				GCC_NO_COMMON_BLOCKS = YES;
				GCC_WARN_64_TO_32_BIT_CONVERSION = YES;
				GCC_WARN_ABOUT_RETURN_TYPE = YES_ERROR;
				GCC_WARN_UNDECLARED_SELECTOR = YES;
				GCC_WARN_UNINITIALIZED_AUTOS = YES_AGGRESSIVE;
				GCC_WARN_UNUSED_FUNCTION = YES;
				GCC_WARN_UNUSED_VARIABLE = YES;
				IPHONEOS_DEPLOYMENT_TARGET = 16.4;
				MTL_ENABLE_DEBUG_INFO = NO;
				MTL_FAST_MATH = YES;
				SDKROOT = iphoneos;
				SWIFT_COMPILATION_MODE = wholemodule;
				SWIFT_OPTIMIZATION_LEVEL = "-O";
				VALIDATE_PRODUCT = YES;
			};
			name = Release;
		};
		CAE00CC32A9362C20034A23C /* Debug */ = {
			isa = XCBuildConfiguration;
			buildSettings = {
				ASSETCATALOG_COMPILER_APPICON_NAME = AppIcon;
				ASSETCATALOG_COMPILER_GLOBAL_ACCENT_COLOR_NAME = AccentColor;
				CODE_SIGN_STYLE = Automatic;
				CURRENT_PROJECT_VERSION = 1;
				DEVELOPMENT_TEAM = SDANUXUBFX;
				GENERATE_INFOPLIST_FILE = YES;
				INFOPLIST_FILE = MapAndScan/Info.plist;
				INFOPLIST_KEY_UIApplicationSupportsIndirectInputEvents = YES;
				INFOPLIST_KEY_UILaunchStoryboardName = LaunchScreen;
				INFOPLIST_KEY_UIMainStoryboardFile = Main;
				INFOPLIST_KEY_UISupportedInterfaceOrientations_iPad = "UIInterfaceOrientationPortrait UIInterfaceOrientationPortraitUpsideDown UIInterfaceOrientationLandscapeLeft UIInterfaceOrientationLandscapeRight";
				INFOPLIST_KEY_UISupportedInterfaceOrientations_iPhone = "UIInterfaceOrientationPortrait UIInterfaceOrientationLandscapeLeft UIInterfaceOrientationLandscapeRight";
				LD_RUNPATH_SEARCH_PATHS = (
					"$(inherited)",
					"@executable_path/Frameworks",
				);
				MARKETING_VERSION = 1.0;
				PRODUCT_BUNDLE_IDENTIFIER = com.sumayya.MapAndScan;
				PRODUCT_NAME = "$(TARGET_NAME)";
				SWIFT_EMIT_LOC_STRINGS = YES;
				SWIFT_VERSION = 5.0;
				TARGETED_DEVICE_FAMILY = "1,2";
			};
			name = Debug;
		};
		CAE00CC42A9362C20034A23C /* Release */ = {
			isa = XCBuildConfiguration;
			buildSettings = {
				ASSETCATALOG_COMPILER_APPICON_NAME = AppIcon;
				ASSETCATALOG_COMPILER_GLOBAL_ACCENT_COLOR_NAME = AccentColor;
				CODE_SIGN_STYLE = Automatic;
				CURRENT_PROJECT_VERSION = 1;
				DEVELOPMENT_TEAM = SDANUXUBFX;
				GENERATE_INFOPLIST_FILE = YES;
				INFOPLIST_FILE = MapAndScan/Info.plist;
				INFOPLIST_KEY_UIApplicationSupportsIndirectInputEvents = YES;
				INFOPLIST_KEY_UILaunchStoryboardName = LaunchScreen;
				INFOPLIST_KEY_UIMainStoryboardFile = Main;
				INFOPLIST_KEY_UISupportedInterfaceOrientations_iPad = "UIInterfaceOrientationPortrait UIInterfaceOrientationPortraitUpsideDown UIInterfaceOrientationLandscapeLeft UIInterfaceOrientationLandscapeRight";
				INFOPLIST_KEY_UISupportedInterfaceOrientations_iPhone = "UIInterfaceOrientationPortrait UIInterfaceOrientationLandscapeLeft UIInterfaceOrientationLandscapeRight";
				LD_RUNPATH_SEARCH_PATHS = (
					"$(inherited)",
					"@executable_path/Frameworks",
				);
				MARKETING_VERSION = 1.0;
				PRODUCT_BUNDLE_IDENTIFIER = com.sumayya.MapAndScan;
				PRODUCT_NAME = "$(TARGET_NAME)";
				SWIFT_EMIT_LOC_STRINGS = YES;
				SWIFT_VERSION = 5.0;
				TARGETED_DEVICE_FAMILY = "1,2";
			};
			name = Release;
		};
/* End XCBuildConfiguration section */

/* Begin XCConfigurationList section */
		CAE00CA92A9362C10034A23C /* Build configuration list for PBXProject "MapAndScan" */ = {
			isa = XCConfigurationList;
			buildConfigurations = (
				CAE00CC02A9362C20034A23C /* Debug */,
				CAE00CC12A9362C20034A23C /* Release */,
			);
			defaultConfigurationIsVisible = 0;
			defaultConfigurationName = Release;
		};
		CAE00CC22A9362C20034A23C /* Build configuration list for PBXNativeTarget "MapAndScan" */ = {
			isa = XCConfigurationList;
			buildConfigurations = (
				CAE00CC32A9362C20034A23C /* Debug */,
				CAE00CC42A9362C20034A23C /* Release */,
			);
			defaultConfigurationIsVisible = 0;
			defaultConfigurationName = Release;
		};
/* End XCConfigurationList section */

/* Begin XCRemoteSwiftPackageReference section */
		CAE00CC92A938DC60034A23C /* XCRemoteSwiftPackageReference "BarcodeScanner" */ = {
			isa = XCRemoteSwiftPackageReference;
			repositoryURL = "https://github.com/hyperoslo/BarcodeScanner";
			requirement = {
				kind = upToNextMajorVersion;
				minimumVersion = 5.0.0;
			};
		};
/* End XCRemoteSwiftPackageReference section */

/* Begin XCSwiftPackageProductDependency section */
		CAE00CCA2A938DC60034A23C /* BarcodeScanner */ = {
			isa = XCSwiftPackageProductDependency;
			package = CAE00CC92A938DC60034A23C /* XCRemoteSwiftPackageReference "BarcodeScanner" */;
			productName = BarcodeScanner;
		};
/* End XCSwiftPackageProductDependency section */
	};
	rootObject = CAE00CA62A9362C10034A23C /* Project object */;
}
